
Microsoft Visual Studio Solution File, Format Version 12.00
# Visual Studio Version 16
VisualStudioVersion = 16.0.31313.79
MinimumVisualStudioVersion = 10.0.40219.1
Project("{FAE04EC0-301F-11D3-BF4B-00C04F79EFBC}") = "ServicioTimer", "ServicioTimer.csproj", "{1EC17679-97D7-44AA-8FEC-6F878B045745}"
EndProject
Global
	GlobalSection(SolutionConfigurationPlatforms) = preSolution
		Debug|Any CPU = Debug|Any CPU
		Release|Any CPU = Release|Any CPU
	EndGlobalSection
	GlobalSection(ProjectConfigurationPlatforms) = postSolution
		{1EC17679-97D7-44AA-8FEC-6F878B045745}.Debug|Any CPU.ActiveCfg = Debug|Any CPU
		{1EC17679-97D7-44AA-8FEC-6F878B045745}.Debug|Any CPU.Build.0 = Debug|Any CPU
		{1EC17679-97D7-44AA-8FEC-6F878B045745}.Release|Any CPU.ActiveCfg = Release|Any CPU
		{1EC17679-97D7-44AA-8FEC-6F878B045745}.Release|Any CPU.Build.0 = Release|Any CPU
	EndGlobalSection
	GlobalSection(SolutionProperties) = preSolution
		HideSolutionNode = FALSE
	EndGlobalSection
	GlobalSection(ExtensibilityGlobals) = postSolution
		SolutionGuid = {326E0B8D-5E6C-4CDA-A3B0-7757C7CC3A35}
	EndGlobalSection
EndGlobal
